
Microsoft Visual Studio Solution File, Format Version 12.00
# Visual Studio Version 16
VisualStudioVersion = 16.0.31624.102
MinimumVisualStudioVersion = 10.0.40219.1
Project("{9A19103F-16F7-4668-BE54-9A1E7A4F7556}") = "wpf-material-dialogs", "wpf-material-dialogs.csproj", "{DB04B9E7-952D-4F8A-8A9E-31C3D223DA2F}"
EndProject
Project("{9A19103F-16F7-4668-BE54-9A1E7A4F7556}") = "wpf-material-dialogs.test-core", "..\wpf-material-dialogs.test-core\wpf-material-dialogs.test-core.csproj", "{E085F1A6-C5FA-4E2A-93A9-3FEAD3A5790E}"
EndProject
Project("{FAE04EC0-301F-11D3-BF4B-00C04F79EFBC}") = "wpf-material-dialogs.test-framework", "..\wpf-material-dialogs.test-framework\wpf-material-dialogs.test-framework.csproj", "{BDE120B9-7FBF-49EF-B944-3BA289C13A63}"
EndProject
Project("{FAE04EC0-301F-11D3-BF4B-00C04F79EFBC}") = "wpf-material-dialogs.test", "..\wpf-material-dialogs.test\wpf-material-dialogs.test.csproj", "{CF310545-122D-406A-A2DD-20E5C1FED129}"
EndProject
Project("{FAE04EC0-301F-11D3-BF4B-00C04F79EFBC}") = "wpf-material-wpfTest", "..\wpf-material-wpfTest\wpf-material-wpfTest.csproj", "{15462062-68EC-4227-A38A-0B8B7BF00F93}"
EndProject
Project("{FAE04EC0-301F-11D3-BF4B-00C04F79EFBC}") = "wpf-material-wpftestFramework", "..\wpf-material-wpftestFramework\wpf-material-wpftestFramework.csproj", "{8183930B-C5AE-4C65-8721-DD9BE6B5D879}"
EndProject
Global
	GlobalSection(SolutionConfigurationPlatforms) = preSolution
		Debug|Any CPU = Debug|Any CPU
		Release|Any CPU = Release|Any CPU
	EndGlobalSection
	GlobalSection(ProjectConfigurationPlatforms) = postSolution
		{DB04B9E7-952D-4F8A-8A9E-31C3D223DA2F}.Debug|Any CPU.ActiveCfg = Debug|Any CPU
		{DB04B9E7-952D-4F8A-8A9E-31C3D223DA2F}.Debug|Any CPU.Build.0 = Debug|Any CPU
		{DB04B9E7-952D-4F8A-8A9E-31C3D223DA2F}.Release|Any CPU.ActiveCfg = Release|Any CPU
		{DB04B9E7-952D-4F8A-8A9E-31C3D223DA2F}.Release|Any CPU.Build.0 = Release|Any CPU
		{E085F1A6-C5FA-4E2A-93A9-3FEAD3A5790E}.Debug|Any CPU.ActiveCfg = Debug|Any CPU
		{E085F1A6-C5FA-4E2A-93A9-3FEAD3A5790E}.Debug|Any CPU.Build.0 = Debug|Any CPU
		{E085F1A6-C5FA-4E2A-93A9-3FEAD3A5790E}.Release|Any CPU.ActiveCfg = Release|Any CPU
		{E085F1A6-C5FA-4E2A-93A9-3FEAD3A5790E}.Release|Any CPU.Build.0 = Release|Any CPU
		{BDE120B9-7FBF-49EF-B944-3BA289C13A63}.Debug|Any CPU.ActiveCfg = Debug|Any CPU
		{BDE120B9-7FBF-49EF-B944-3BA289C13A63}.Debug|Any CPU.Build.0 = Debug|Any CPU
		{BDE120B9-7FBF-49EF-B944-3BA289C13A63}.Release|Any CPU.ActiveCfg = Release|Any CPU
		{BDE120B9-7FBF-49EF-B944-3BA289C13A63}.Release|Any CPU.Build.0 = Release|Any CPU
		{CF310545-122D-406A-A2DD-20E5C1FED129}.Debug|Any CPU.ActiveCfg = Debug|Any CPU
		{CF310545-122D-406A-A2DD-20E5C1FED129}.Debug|Any CPU.Build.0 = Debug|Any CPU
		{CF310545-122D-406A-A2DD-20E5C1FED129}.Release|Any CPU.ActiveCfg = Release|Any CPU
		{CF310545-122D-406A-A2DD-20E5C1FED129}.Release|Any CPU.Build.0 = Release|Any CPU
		{15462062-68EC-4227-A38A-0B8B7BF00F93}.Debug|Any CPU.ActiveCfg = Debug|Any CPU
		{15462062-68EC-4227-A38A-0B8B7BF00F93}.Debug|Any CPU.Build.0 = Debug|Any CPU
		{15462062-68EC-4227-A38A-0B8B7BF00F93}.Release|Any CPU.ActiveCfg = Release|Any CPU
		{15462062-68EC-4227-A38A-0B8B7BF00F93}.Release|Any CPU.Build.0 = Release|Any CPU
		{8183930B-C5AE-4C65-8721-DD9BE6B5D879}.Debug|Any CPU.ActiveCfg = Debug|Any CPU
		{8183930B-C5AE-4C65-8721-DD9BE6B5D879}.Debug|Any CPU.Build.0 = Debug|Any CPU
		{8183930B-C5AE-4C65-8721-DD9BE6B5D879}.Release|Any CPU.ActiveCfg = Release|Any CPU
		{8183930B-C5AE-4C65-8721-DD9BE6B5D879}.Release|Any CPU.Build.0 = Release|Any CPU
	EndGlobalSection
	GlobalSection(SolutionProperties) = preSolution
		HideSolutionNode = FALSE
	EndGlobalSection
	GlobalSection(ExtensibilityGlobals) = postSolution
		SolutionGuid = {767F05F5-B950-4A3B-8726-C9F0A3A5E90D}
	EndGlobalSection
EndGlobal
